
Microsoft Visual Studio Solution File, Format Version 12.00
# Visual Studio Version 16
VisualStudioVersion = 16.0.31424.327
MinimumVisualStudioVersion = 10.0.40219.1
Project("{FAE04EC0-301F-11D3-BF4B-00C04F79EFBC}") = "RestWithASPNet", "RestWithASPNet\RestWithASPNet.csproj", "{27623B31-1652-4C4D-9EE8-668BF2E469A7}"
EndProject
Global
	GlobalSection(SolutionConfigurationPlatforms) = preSolution
		Debug|Any CPU = Debug|Any CPU
		Release|Any CPU = Release|Any CPU
	EndGlobalSection
	GlobalSection(ProjectConfigurationPlatforms) = postSolution
		{27623B31-1652-4C4D-9EE8-668BF2E469A7}.Debug|Any CPU.ActiveCfg = Debug|Any CPU
		{27623B31-1652-4C4D-9EE8-668BF2E469A7}.Debug|Any CPU.Build.0 = Debug|Any CPU
		{27623B31-1652-4C4D-9EE8-668BF2E469A7}.Release|Any CPU.ActiveCfg = Release|Any CPU
		{27623B31-1652-4C4D-9EE8-668BF2E469A7}.Release|Any CPU.Build.0 = Release|Any CPU
	EndGlobalSection
	GlobalSection(SolutionProperties) = preSolution
		HideSolutionNode = FALSE
	EndGlobalSection
	GlobalSection(ExtensibilityGlobals) = postSolution
		SolutionGuid = {0A8C7950-02BB-4BC1-A963-29E6BD9C6D43}
	EndGlobalSection
EndGlobal
